// !$*UTF8*$!
{
	archiveVersion = 1;
	classes = {
	};
	objectVersion = 46;
	objects = {

/* Begin PBXBuildFile section */
		B603A6EA16B89DC7006A5DFA /* UIKit.framework in Frameworks */ = {isa = PBXBuildFile; fileRef = B603A6E916B89DC7006A5DFA /* UIKit.framework */; };
		B603A6EC16B89DC7006A5DFA /* Foundation.framework in Frameworks */ = {isa = PBXBuildFile; fileRef = B603A6EB16B89DC7006A5DFA /* Foundation.framework */; };
		B603A6EE16B89DC7006A5DFA /* CoreGraphics.framework in Frameworks */ = {isa = PBXBuildFile; fileRef = B603A6ED16B89DC7006A5DFA /* CoreGraphics.framework */; };
		B603A6F416B89DC7006A5DFA /* InfoPlist.strings in Resources */ = {isa = PBXBuildFile; fileRef = B603A6F216B89DC7006A5DFA /* InfoPlist.strings */; };
		B603A6F616B89DC7006A5DFA /* main.m in Sources */ = {isa = PBXBuildFile; fileRef = B603A6F516B89DC7006A5DFA /* main.m */; };
		B603A6FA16B89DC7006A5DFA /* AppDelegate.m in Sources */ = {isa = PBXBuildFile; fileRef = B603A6F916B89DC7006A5DFA /* AppDelegate.m */; };
		B603A6FC16B89DC7006A5DFA /* Default.png in Resources */ = {isa = PBXBuildFile; fileRef = B603A6FB16B89DC7006A5DFA /* Default.png */; };
		B603A6FE16B89DC7006A5DFA /* Default@2x.png in Resources */ = {isa = PBXBuildFile; fileRef = B603A6FD16B89DC7006A5DFA /* Default@2x.png */; };
		B603A70016B89DC7006A5DFA /* Default-568h@2x.png in Resources */ = {isa = PBXBuildFile; fileRef = B603A6FF16B89DC7006A5DFA /* Default-568h@2x.png */; };
		B603A70316B89DC7006A5DFA /* MainStoryboard_iPhone.storyboard in Resources */ = {isa = PBXBuildFile; fileRef = B603A70116B89DC7006A5DFA /* MainStoryboard_iPhone.storyboard */; };
		B603A70616B89DC7006A5DFA /* MainStoryboard_iPad.storyboard in Resources */ = {isa = PBXBuildFile; fileRef = B603A70416B89DC7006A5DFA /* MainStoryboard_iPad.storyboard */; };
		B603A70916B89DC7006A5DFA /* FirstViewController.m in Sources */ = {isa = PBXBuildFile; fileRef = B603A70816B89DC7006A5DFA /* FirstViewController.m */; };
		B603A70B16B89DC7006A5DFA /* first.png in Resources */ = {isa = PBXBuildFile; fileRef = B603A70A16B89DC7006A5DFA /* first.png */; };
		B603A70D16B89DC7006A5DFA /* first@2x.png in Resources */ = {isa = PBXBuildFile; fileRef = B603A70C16B89DC7006A5DFA /* first@2x.png */; };
		B603A71016B89DC7006A5DFA /* SecondViewController.m in Sources */ = {isa = PBXBuildFile; fileRef = B603A70F16B89DC7006A5DFA /* SecondViewController.m */; };
		B603A71216B89DC7006A5DFA /* second1.png in Resources */ = {isa = PBXBuildFile; fileRef = B603A71116B89DC7006A5DFA /* second1.png */; };
		B603A71416B89DC7006A5DFA /* second2.png in Resources */ = {isa = PBXBuildFile; fileRef = B603A71316B89DC7006A5DFA /* second2.png */; };
		B629A72616D9EFF4002CB7A0 /* blue_color.png in Resources */ = {isa = PBXBuildFile; fileRef = B629A72516D9EFF4002CB7A0 /* blue_color.png */; };
		B66628B616D6A900009BFE91 /* menu_bar_blue.png in Resources */ = {isa = PBXBuildFile; fileRef = B66628B516D6A900009BFE91 /* menu_bar_blue.png */; };
		B66628B916D6AE24009BFE91 /* tab_bar_calorie.png in Resources */ = {isa = PBXBuildFile; fileRef = B66628B716D6AE24009BFE91 /* tab_bar_calorie.png */; };
		B66628BA16D6AE24009BFE91 /* tab_bar_calorie@2x.png in Resources */ = {isa = PBXBuildFile; fileRef = B66628B816D6AE24009BFE91 /* tab_bar_calorie@2x.png */; };
		B66628BD16D6AEE5009BFE91 /* ThirdViewController.m in Sources */ = {isa = PBXBuildFile; fileRef = B66628BC16D6AEE5009BFE91 /* ThirdViewController.m */; };
		B668E56516DF28B5004C40A2 /* user.png in Resources */ = {isa = PBXBuildFile; fileRef = B668E56316DF28B5004C40A2 /* user.png */; };
		B668E56616DF28B5004C40A2 /* user@2x.png in Resources */ = {isa = PBXBuildFile; fileRef = B668E56416DF28B5004C40A2 /* user@2x.png */; };
		B683D6FB16BD08A70046DC26 /* black_background.png in Resources */ = {isa = PBXBuildFile; fileRef = B683D6F816BD08A70046DC26 /* black_background.png */; };
		B683D6FC16BD08A70046DC26 /* blue_background.jpg in Resources */ = {isa = PBXBuildFile; fileRef = B683D6F916BD08A70046DC26 /* blue_background.jpg */; };
		B683D6FD16BD08A70046DC26 /* blue_stripes.png in Resources */ = {isa = PBXBuildFile; fileRef = B683D6FA16BD08A70046DC26 /* blue_stripes.png */; };
		B683D70016BD0A770046DC26 /* UserInfoViewController.m in Sources */ = {isa = PBXBuildFile; fileRef = B683D6FF16BD0A770046DC26 /* UserInfoViewController.m */; };
		B6949D4516BE515C00320C3F /* EffectsFile.m in Sources */ = {isa = PBXBuildFile; fileRef = B6949D4416BE515C00320C3F /* EffectsFile.m */; };
		B6949D4716BE572700320C3F /* blue_nav_bar.png in Resources */ = {isa = PBXBuildFile; fileRef = B6949D4616BE572700320C3F /* blue_nav_bar.png */; };
		B69CF89416DB01D9000E09D0 /* clock.png in Resources */ = {isa = PBXBuildFile; fileRef = B69CF89216DB01D9000E09D0 /* clock.png */; };
		B69CF89516DB01D9000E09D0 /* clock@2x.png in Resources */ = {isa = PBXBuildFile; fileRef = B69CF89316DB01D9000E09D0 /* clock@2x.png */; };
		B6AB366116D6186800A41560 /* light_blue_background_pattern.jpg in Resources */ = {isa = PBXBuildFile; fileRef = B6AB366016D6186800A41560 /* light_blue_background_pattern.jpg */; };
		B6AB366616D6259600A41560 /* gear2.png in Resources */ = {isa = PBXBuildFile; fileRef = B6AB366416D6259600A41560 /* gear2.png */; };
		B6AB366716D6259600A41560 /* gear2@2x.png in Resources */ = {isa = PBXBuildFile; fileRef = B6AB366516D6259600A41560 /* gear2@2x.png */; };
		B6AB366E16D62C3300A41560 /* tab_bar_map.png in Resources */ = {isa = PBXBuildFile; fileRef = B6AB366C16D62C3300A41560 /* tab_bar_map.png */; };
		B6AB366F16D62C3300A41560 /* tab_bar_map@2x.png in Resources */ = {isa = PBXBuildFile; fileRef = B6AB366D16D62C3300A41560 /* tab_bar_map@2x.png */; };
		B6AB367216D62CE800A41560 /* tab_bar_home.png in Resources */ = {isa = PBXBuildFile; fileRef = B6AB367016D62CE800A41560 /* tab_bar_home.png */; };
		B6AB367316D62CE800A41560 /* tab_bar_home_od@2x.png in Resources */ = {isa = PBXBuildFile; fileRef = B6AB367116D62CE800A41560 /* tab_bar_home_od@2x.png */; };
		B6CC956716DF1F8000FCB7BE /* green_start_button.png in Resources */ = {isa = PBXBuildFile; fileRef = B6CC956616DF1F8000FCB7BE /* green_start_button.png */; };
		B6CC956A16DF21B900FCB7BE /* left_arrow.png in Resources */ = {isa = PBXBuildFile; fileRef = B6CC956816DF21B900FCB7BE /* left_arrow.png */; };
		B6CC956B16DF21B900FCB7BE /* left_arrow@2x.png in Resources */ = {isa = PBXBuildFile; fileRef = B6CC956916DF21B900FCB7BE /* left_arrow@2x.png */; };
		B6F4EFAE16D8A817000FB226 /* blue_tab_bar.png in Resources */ = {isa = PBXBuildFile; fileRef = B6F4EFAD16D8A817000FB226 /* blue_tab_bar.png */; };
		B6F4EFBF16D8C1E0000FB226 /* tab_bar_calendar.png in Resources */ = {isa = PBXBuildFile; fileRef = B6F4EFBD16D8C1E0000FB226 /* tab_bar_calendar.png */; };
		B6F4EFC016D8C1E0000FB226 /* tab_bar_calendar@2x.png in Resources */ = {isa = PBXBuildFile; fileRef = B6F4EFBE16D8C1E0000FB226 /* tab_bar_calendar@2x.png */; };
		B6F4EFC816D8C940000FB226 /* red_button.png in Resources */ = {isa = PBXBuildFile; fileRef = B6F4EFC716D8C940000FB226 /* red_button.png */; };
		F2195B6616B95F1300EF6309 /* second@2x.png in Resources */ = {isa = PBXBuildFile; fileRef = F2195B6516B95F1300EF6309 /* second@2x.png */; };
		F2195B6916B9604B00EF6309 /* Run.m in Sources */ = {isa = PBXBuildFile; fileRef = F2195B6816B9604B00EF6309 /* Run.m */; };
		F2195B8516BB3C7100EF6309 /* CoreLocation.framework in Frameworks */ = {isa = PBXBuildFile; fileRef = F2195B8416BB3C7100EF6309 /* CoreLocation.framework */; };
		F2195B8716BB3C7C00EF6309 /* MapKit.framework in Frameworks */ = {isa = PBXBuildFile; fileRef = F2195B8616BB3C7C00EF6309 /* MapKit.framework */; };
/* End PBXBuildFile section */

/* Begin PBXFileReference section */
		B603A6E616B89DC7006A5DFA /* FitnessBuddy.app */ = {isa = PBXFileReference; explicitFileType = wrapper.application; includeInIndex = 0; path = FitnessBuddy.app; sourceTree = BUILT_PRODUCTS_DIR; };
		B603A6E916B89DC7006A5DFA /* UIKit.framework */ = {isa = PBXFileReference; lastKnownFileType = wrapper.framework; name = UIKit.framework; path = System/Library/Frameworks/UIKit.framework; sourceTree = SDKROOT; };
		B603A6EB16B89DC7006A5DFA /* Foundation.framework */ = {isa = PBXFileReference; lastKnownFileType = wrapper.framework; name = Foundation.framework; path = System/Library/Frameworks/Foundation.framework; sourceTree = SDKROOT; };
		B603A6ED16B89DC7006A5DFA /* CoreGraphics.framework */ = {isa = PBXFileReference; lastKnownFileType = wrapper.framework; name = CoreGraphics.framework; path = System/Library/Frameworks/CoreGraphics.framework; sourceTree = SDKROOT; };
		B603A6F116B89DC7006A5DFA /* FitnessBuddy-Info.plist */ = {isa = PBXFileReference; lastKnownFileType = text.plist.xml; path = "FitnessBuddy-Info.plist"; sourceTree = "<group>"; };
		B603A6F316B89DC7006A5DFA /* en */ = {isa = PBXFileReference; lastKnownFileType = text.plist.strings; name = en; path = en.lproj/InfoPlist.strings; sourceTree = "<group>"; };
		B603A6F516B89DC7006A5DFA /* main.m */ = {isa = PBXFileReference; lastKnownFileType = sourcecode.c.objc; path = main.m; sourceTree = "<group>"; };
		B603A6F716B89DC7006A5DFA /* FitnessBuddy-Prefix.pch */ = {isa = PBXFileReference; lastKnownFileType = sourcecode.c.h; path = "FitnessBuddy-Prefix.pch"; sourceTree = "<group>"; };
		B603A6F816B89DC7006A5DFA /* AppDelegate.h */ = {isa = PBXFileReference; lastKnownFileType = sourcecode.c.h; path = AppDelegate.h; sourceTree = "<group>"; };
		B603A6F916B89DC7006A5DFA /* AppDelegate.m */ = {isa = PBXFileReference; lastKnownFileType = sourcecode.c.objc; path = AppDelegate.m; sourceTree = "<group>"; };
		B603A6FB16B89DC7006A5DFA /* Default.png */ = {isa = PBXFileReference; lastKnownFileType = image.png; path = Default.png; sourceTree = "<group>"; };
		B603A6FD16B89DC7006A5DFA /* Default@2x.png */ = {isa = PBXFileReference; lastKnownFileType = image.png; path = "Default@2x.png"; sourceTree = "<group>"; };
		B603A6FF16B89DC7006A5DFA /* Default-568h@2x.png */ = {isa = PBXFileReference; lastKnownFileType = image.png; path = "Default-568h@2x.png"; sourceTree = "<group>"; };
		B603A70216B89DC7006A5DFA /* en */ = {isa = PBXFileReference; lastKnownFileType = file.storyboard; name = en; path = en.lproj/MainStoryboard_iPhone.storyboard; sourceTree = "<group>"; };
		B603A70516B89DC7006A5DFA /* en */ = {isa = PBXFileReference; lastKnownFileType = file.storyboard; name = en; path = en.lproj/MainStoryboard_iPad.storyboard; sourceTree = "<group>"; };
		B603A70716B89DC7006A5DFA /* FirstViewController.h */ = {isa = PBXFileReference; lastKnownFileType = sourcecode.c.h; path = FirstViewController.h; sourceTree = "<group>"; };
		B603A70816B89DC7006A5DFA /* FirstViewController.m */ = {isa = PBXFileReference; lastKnownFileType = sourcecode.c.objc; path = FirstViewController.m; sourceTree = "<group>"; };
		B603A70A16B89DC7006A5DFA /* first.png */ = {isa = PBXFileReference; lastKnownFileType = image.png; path = first.png; sourceTree = "<group>"; };
		B603A70C16B89DC7006A5DFA /* first@2x.png */ = {isa = PBXFileReference; lastKnownFileType = image.png; path = "first@2x.png"; sourceTree = "<group>"; };
		B603A70E16B89DC7006A5DFA /* SecondViewController.h */ = {isa = PBXFileReference; lastKnownFileType = sourcecode.c.h; path = SecondViewController.h; sourceTree = "<group>"; };
		B603A70F16B89DC7006A5DFA /* SecondViewController.m */ = {isa = PBXFileReference; lastKnownFileType = sourcecode.c.objc; path = SecondViewController.m; sourceTree = "<group>"; };
		B603A71116B89DC7006A5DFA /* second1.png */ = {isa = PBXFileReference; lastKnownFileType = image.png; path = second1.png; sourceTree = "<group>"; };
		B603A71316B89DC7006A5DFA /* second2.png */ = {isa = PBXFileReference; lastKnownFileType = image.png; path = second2.png; sourceTree = "<group>"; };
		B629A72516D9EFF4002CB7A0 /* blue_color.png */ = {isa = PBXFileReference; lastKnownFileType = image.png; path = blue_color.png; sourceTree = "<group>"; };
		B66628B516D6A900009BFE91 /* menu_bar_blue.png */ = {isa = PBXFileReference; lastKnownFileType = image.png; path = menu_bar_blue.png; sourceTree = "<group>"; };
		B66628B716D6AE24009BFE91 /* tab_bar_calorie.png */ = {isa = PBXFileReference; lastKnownFileType = image.png; path = tab_bar_calorie.png; sourceTree = "<group>"; };
		B66628B816D6AE24009BFE91 /* tab_bar_calorie@2x.png */ = {isa = PBXFileReference; lastKnownFileType = image.png; path = "tab_bar_calorie@2x.png"; sourceTree = "<group>"; };
		B66628BB16D6AEE5009BFE91 /* ThirdViewController.h */ = {isa = PBXFileReference; fileEncoding = 4; lastKnownFileType = sourcecode.c.h; path = ThirdViewController.h; sourceTree = "<group>"; };
		B66628BC16D6AEE5009BFE91 /* ThirdViewController.m */ = {isa = PBXFileReference; fileEncoding = 4; lastKnownFileType = sourcecode.c.objc; path = ThirdViewController.m; sourceTree = "<group>"; };
		B668E56316DF28B5004C40A2 /* user.png */ = {isa = PBXFileReference; lastKnownFileType = image.png; path = user.png; sourceTree = "<group>"; };
		B668E56416DF28B5004C40A2 /* user@2x.png */ = {isa = PBXFileReference; lastKnownFileType = image.png; path = "user@2x.png"; sourceTree = "<group>"; };
		B683D6F816BD08A70046DC26 /* black_background.png */ = {isa = PBXFileReference; lastKnownFileType = image.png; name = black_background.png; path = Images/black_background.png; sourceTree = "<group>"; };
		B683D6F916BD08A70046DC26 /* blue_background.jpg */ = {isa = PBXFileReference; lastKnownFileType = image.jpeg; name = blue_background.jpg; path = Images/blue_background.jpg; sourceTree = "<group>"; };
		B683D6FA16BD08A70046DC26 /* blue_stripes.png */ = {isa = PBXFileReference; lastKnownFileType = image.png; name = blue_stripes.png; path = Images/blue_stripes.png; sourceTree = "<group>"; };
		B683D6FE16BD0A770046DC26 /* UserInfoViewController.h */ = {isa = PBXFileReference; fileEncoding = 4; lastKnownFileType = sourcecode.c.h; path = UserInfoViewController.h; sourceTree = "<group>"; };
		B683D6FF16BD0A770046DC26 /* UserInfoViewController.m */ = {isa = PBXFileReference; fileEncoding = 4; lastKnownFileType = sourcecode.c.objc; path = UserInfoViewController.m; sourceTree = "<group>"; };
		B6949D4316BE515C00320C3F /* EffectsFile.h */ = {isa = PBXFileReference; fileEncoding = 4; lastKnownFileType = sourcecode.c.h; path = EffectsFile.h; sourceTree = "<group>"; };
		B6949D4416BE515C00320C3F /* EffectsFile.m */ = {isa = PBXFileReference; fileEncoding = 4; lastKnownFileType = sourcecode.c.objc; path = EffectsFile.m; sourceTree = "<group>"; };
		B6949D4616BE572700320C3F /* blue_nav_bar.png */ = {isa = PBXFileReference; lastKnownFileType = image.png; name = blue_nav_bar.png; path = Images/blue_nav_bar.png; sourceTree = "<group>"; };
		B69CF89216DB01D9000E09D0 /* clock.png */ = {isa = PBXFileReference; lastKnownFileType = image.png; path = clock.png; sourceTree = "<group>"; };
		B69CF89316DB01D9000E09D0 /* clock@2x.png */ = {isa = PBXFileReference; lastKnownFileType = image.png; path = "clock@2x.png"; sourceTree = "<group>"; };
		B6AB366016D6186800A41560 /* light_blue_background_pattern.jpg */ = {isa = PBXFileReference; lastKnownFileType = image.jpeg; name = light_blue_background_pattern.jpg; path = Images/light_blue_background_pattern.jpg; sourceTree = "<group>"; };
		B6AB366416D6259600A41560 /* gear2.png */ = {isa = PBXFileReference; lastKnownFileType = image.png; path = gear2.png; sourceTree = "<group>"; };
		B6AB366516D6259600A41560 /* gear2@2x.png */ = {isa = PBXFileReference; lastKnownFileType = image.png; path = "gear2@2x.png"; sourceTree = "<group>"; };
		B6AB366C16D62C3300A41560 /* tab_bar_map.png */ = {isa = PBXFileReference; lastKnownFileType = image.png; path = tab_bar_map.png; sourceTree = "<group>"; };
		B6AB366D16D62C3300A41560 /* tab_bar_map@2x.png */ = {isa = PBXFileReference; lastKnownFileType = image.png; path = "tab_bar_map@2x.png"; sourceTree = "<group>"; };
		B6AB367016D62CE800A41560 /* tab_bar_home.png */ = {isa = PBXFileReference; lastKnownFileType = image.png; path = tab_bar_home.png; sourceTree = "<group>"; };
		B6AB367116D62CE800A41560 /* tab_bar_home_od@2x.png */ = {isa = PBXFileReference; lastKnownFileType = image.png; path = "tab_bar_home_od@2x.png"; sourceTree = "<group>"; };
		B6CC956616DF1F8000FCB7BE /* green_start_button.png */ = {isa = PBXFileReference; lastKnownFileType = image.png; path = green_start_button.png; sourceTree = "<group>"; };
		B6CC956816DF21B900FCB7BE /* left_arrow.png */ = {isa = PBXFileReference; lastKnownFileType = image.png; name = left_arrow.png; path = Resources/Images/left_arrow.png; sourceTree = "<group>"; };
		B6CC956916DF21B900FCB7BE /* left_arrow@2x.png */ = {isa = PBXFileReference; lastKnownFileType = image.png; name = "left_arrow@2x.png"; path = "Resources/Images/left_arrow@2x.png"; sourceTree = "<group>"; };
		B6F4EFAD16D8A817000FB226 /* blue_tab_bar.png */ = {isa = PBXFileReference; lastKnownFileType = image.png; path = blue_tab_bar.png; sourceTree = "<group>"; };
		B6F4EFBD16D8C1E0000FB226 /* tab_bar_calendar.png */ = {isa = PBXFileReference; lastKnownFileType = image.png; path = tab_bar_calendar.png; sourceTree = "<group>"; };
		B6F4EFBE16D8C1E0000FB226 /* tab_bar_calendar@2x.png */ = {isa = PBXFileReference; lastKnownFileType = image.png; path = "tab_bar_calendar@2x.png"; sourceTree = "<group>"; };
		B6F4EFC716D8C940000FB226 /* red_button.png */ = {isa = PBXFileReference; lastKnownFileType = image.png; path = red_button.png; sourceTree = "<group>"; };
		F2195B6516B95F1300EF6309 /* second@2x.png */ = {isa = PBXFileReference; lastKnownFileType = image.png; path = "second@2x.png"; sourceTree = "<group>"; };
		F2195B6716B9604B00EF6309 /* Run.h */ = {isa = PBXFileReference; fileEncoding = 4; lastKnownFileType = sourcecode.c.h; path = Run.h; sourceTree = "<group>"; };
		F2195B6816B9604B00EF6309 /* Run.m */ = {isa = PBXFileReference; fileEncoding = 4; lastKnownFileType = sourcecode.c.objc; path = Run.m; sourceTree = "<group>"; };
		F2195B8416BB3C7100EF6309 /* CoreLocation.framework */ = {isa = PBXFileReference; lastKnownFileType = wrapper.framework; name = CoreLocation.framework; path = System/Library/Frameworks/CoreLocation.framework; sourceTree = SDKROOT; };
		F2195B8616BB3C7C00EF6309 /* MapKit.framework */ = {isa = PBXFileReference; lastKnownFileType = wrapper.framework; name = MapKit.framework; path = System/Library/Frameworks/MapKit.framework; sourceTree = SDKROOT; };
/* End PBXFileReference section */

/* Begin PBXFrameworksBuildPhase section */
		B603A6E316B89DC7006A5DFA /* Frameworks */ = {
			isa = PBXFrameworksBuildPhase;
			buildActionMask = 2147483647;
			files = (
				F2195B8716BB3C7C00EF6309 /* MapKit.framework in Frameworks */,
				F2195B8516BB3C7100EF6309 /* CoreLocation.framework in Frameworks */,
				B603A6EA16B89DC7006A5DFA /* UIKit.framework in Frameworks */,
				B603A6EC16B89DC7006A5DFA /* Foundation.framework in Frameworks */,
				B603A6EE16B89DC7006A5DFA /* CoreGraphics.framework in Frameworks */,
			);
			runOnlyForDeploymentPostprocessing = 0;
		};
/* End PBXFrameworksBuildPhase section */

/* Begin PBXGroup section */
		B603A6DD16B89DC7006A5DFA = {
			isa = PBXGroup;
			children = (
				B683D6F716BD08730046DC26 /* Images */,
				B603A6EF16B89DC7006A5DFA /* FitnessBuddy */,
				B603A6E816B89DC7006A5DFA /* Frameworks */,
				B603A6E716B89DC7006A5DFA /* Products */,
			);
			sourceTree = "<group>";
		};
		B603A6E716B89DC7006A5DFA /* Products */ = {
			isa = PBXGroup;
			children = (
				B603A6E616B89DC7006A5DFA /* FitnessBuddy.app */,
			);
			name = Products;
			sourceTree = "<group>";
		};
		B603A6E816B89DC7006A5DFA /* Frameworks */ = {
			isa = PBXGroup;
			children = (
				F2195B8616BB3C7C00EF6309 /* MapKit.framework */,
				F2195B8416BB3C7100EF6309 /* CoreLocation.framework */,
				B603A6E916B89DC7006A5DFA /* UIKit.framework */,
				B603A6EB16B89DC7006A5DFA /* Foundation.framework */,
				B603A6ED16B89DC7006A5DFA /* CoreGraphics.framework */,
			);
			name = Frameworks;
			sourceTree = "<group>";
		};
		B603A6EF16B89DC7006A5DFA /* FitnessBuddy */ = {
			isa = PBXGroup;
			children = (
				B6949D4316BE515C00320C3F /* EffectsFile.h */,
				B6949D4416BE515C00320C3F /* EffectsFile.m */,
				B603A6F816B89DC7006A5DFA /* AppDelegate.h */,
				B603A6F916B89DC7006A5DFA /* AppDelegate.m */,
				B603A70116B89DC7006A5DFA /* MainStoryboard_iPhone.storyboard */,
				B603A70416B89DC7006A5DFA /* MainStoryboard_iPad.storyboard */,
				B603A70716B89DC7006A5DFA /* FirstViewController.h */,
				B603A70816B89DC7006A5DFA /* FirstViewController.m */,
				B603A70E16B89DC7006A5DFA /* SecondViewController.h */,
				B603A70F16B89DC7006A5DFA /* SecondViewController.m */,
				B66628BB16D6AEE5009BFE91 /* ThirdViewController.h */,
				B66628BC16D6AEE5009BFE91 /* ThirdViewController.m */,
				F2195B6716B9604B00EF6309 /* Run.h */,
				F2195B6816B9604B00EF6309 /* Run.m */,
				B603A70A16B89DC7006A5DFA /* first.png */,
				B603A70C16B89DC7006A5DFA /* first@2x.png */,
				F2195B6516B95F1300EF6309 /* second@2x.png */,
				B603A71116B89DC7006A5DFA /* second1.png */,
				B603A71316B89DC7006A5DFA /* second2.png */,
				B683D6FE16BD0A770046DC26 /* UserInfoViewController.h */,
				B683D6FF16BD0A770046DC26 /* UserInfoViewController.m */,
				B603A6F016B89DC7006A5DFA /* Supporting Files */,
			);
			path = FitnessBuddy;
			sourceTree = "<group>";
		};
		B603A6F016B89DC7006A5DFA /* Supporting Files */ = {
			isa = PBXGroup;
			children = (
				B603A6F116B89DC7006A5DFA /* FitnessBuddy-Info.plist */,
				B603A6F216B89DC7006A5DFA /* InfoPlist.strings */,
				B603A6F516B89DC7006A5DFA /* main.m */,
				B603A6F716B89DC7006A5DFA /* FitnessBuddy-Prefix.pch */,
				B603A6FB16B89DC7006A5DFA /* Default.png */,
				B603A6FD16B89DC7006A5DFA /* Default@2x.png */,
				B603A6FF16B89DC7006A5DFA /* Default-568h@2x.png */,
			);
			name = "Supporting Files";
			sourceTree = "<group>";
		};
		B683D6F716BD08730046DC26 /* Images */ = {
			isa = PBXGroup;
			children = (
				B668E56316DF28B5004C40A2 /* user.png */,
				B668E56416DF28B5004C40A2 /* user@2x.png */,
				B6CC956816DF21B900FCB7BE /* left_arrow.png */,
				B6CC956916DF21B900FCB7BE /* left_arrow@2x.png */,
				B6CC956616DF1F8000FCB7BE /* green_start_button.png */,
				B69CF89216DB01D9000E09D0 /* clock.png */,
				B69CF89316DB01D9000E09D0 /* clock@2x.png */,
				B629A72516D9EFF4002CB7A0 /* blue_color.png */,
				B6F4EFC716D8C940000FB226 /* red_button.png */,
				B6F4EFBD16D8C1E0000FB226 /* tab_bar_calendar.png */,
				B6F4EFBE16D8C1E0000FB226 /* tab_bar_calendar@2x.png */,
				B6F4EFAD16D8A817000FB226 /* blue_tab_bar.png */,
				B66628B716D6AE24009BFE91 /* tab_bar_calorie.png */,
				B66628B816D6AE24009BFE91 /* tab_bar_calorie@2x.png */,
				B66628B516D6A900009BFE91 /* menu_bar_blue.png */,
				B6AB367016D62CE800A41560 /* tab_bar_home.png */,
				B6AB367116D62CE800A41560 /* tab_bar_home_od@2x.png */,
				B6AB366C16D62C3300A41560 /* tab_bar_map.png */,
				B6AB366D16D62C3300A41560 /* tab_bar_map@2x.png */,
				B6AB366416D6259600A41560 /* gear2.png */,
				B6AB366516D6259600A41560 /* gear2@2x.png */,
				B6AB366016D6186800A41560 /* light_blue_background_pattern.jpg */,
				B6949D4616BE572700320C3F /* blue_nav_bar.png */,
				B683D6F816BD08A70046DC26 /* black_background.png */,
				B683D6F916BD08A70046DC26 /* blue_background.jpg */,
				B683D6FA16BD08A70046DC26 /* blue_stripes.png */,
			);
			name = Images;
			sourceTree = "<group>";
		};
/* End PBXGroup section */

/* Begin PBXNativeTarget section */
		B603A6E516B89DC7006A5DFA /* FitnessBuddy */ = {
			isa = PBXNativeTarget;
			buildConfigurationList = B603A71716B89DC7006A5DFA /* Build configuration list for PBXNativeTarget "FitnessBuddy" */;
			buildPhases = (
				B603A6E216B89DC7006A5DFA /* Sources */,
				B603A6E316B89DC7006A5DFA /* Frameworks */,
				B603A6E416B89DC7006A5DFA /* Resources */,
			);
			buildRules = (
			);
			dependencies = (
			);
			name = FitnessBuddy;
			productName = FitnessBuddy;
			productReference = B603A6E616B89DC7006A5DFA /* FitnessBuddy.app */;
			productType = "com.apple.product-type.application";
		};
/* End PBXNativeTarget section */

/* Begin PBXProject section */
		B603A6DE16B89DC7006A5DFA /* Project object */ = {
			isa = PBXProject;
			attributes = {
				LastUpgradeCheck = 0460;
				ORGANIZATIONNAME = "Usman Tamanna";
			};
			buildConfigurationList = B603A6E116B89DC7006A5DFA /* Build configuration list for PBXProject "FitnessBuddy" */;
			compatibilityVersion = "Xcode 3.2";
			developmentRegion = English;
			hasScannedForEncodings = 0;
			knownRegions = (
				en,
			);
			mainGroup = B603A6DD16B89DC7006A5DFA;
			productRefGroup = B603A6E716B89DC7006A5DFA /* Products */;
			projectDirPath = "";
			projectRoot = "";
			targets = (
				B603A6E516B89DC7006A5DFA /* FitnessBuddy */,
			);
		};
/* End PBXProject section */

/* Begin PBXResourcesBuildPhase section */
		B603A6E416B89DC7006A5DFA /* Resources */ = {
			isa = PBXResourcesBuildPhase;
			buildActionMask = 2147483647;
			files = (
				B603A6F416B89DC7006A5DFA /* InfoPlist.strings in Resources */,
				B603A6FC16B89DC7006A5DFA /* Default.png in Resources */,
				B603A6FE16B89DC7006A5DFA /* Default@2x.png in Resources */,
				B603A70016B89DC7006A5DFA /* Default-568h@2x.png in Resources */,
				B603A70316B89DC7006A5DFA /* MainStoryboard_iPhone.storyboard in Resources */,
				B603A70616B89DC7006A5DFA /* MainStoryboard_iPad.storyboard in Resources */,
				B603A70B16B89DC7006A5DFA /* first.png in Resources */,
				B603A70D16B89DC7006A5DFA /* first@2x.png in Resources */,
				B603A71216B89DC7006A5DFA /* second1.png in Resources */,
				B603A71416B89DC7006A5DFA /* second2.png in Resources */,
				F2195B6616B95F1300EF6309 /* second@2x.png in Resources */,
				B683D6FB16BD08A70046DC26 /* black_background.png in Resources */,
				B683D6FC16BD08A70046DC26 /* blue_background.jpg in Resources */,
				B683D6FD16BD08A70046DC26 /* blue_stripes.png in Resources */,
				B6949D4716BE572700320C3F /* blue_nav_bar.png in Resources */,
				B6AB366116D6186800A41560 /* light_blue_background_pattern.jpg in Resources */,
				B6AB366616D6259600A41560 /* gear2.png in Resources */,
				B6AB366716D6259600A41560 /* gear2@2x.png in Resources */,
				B6AB366E16D62C3300A41560 /* tab_bar_map.png in Resources */,
				B6AB366F16D62C3300A41560 /* tab_bar_map@2x.png in Resources */,
				B6AB367216D62CE800A41560 /* tab_bar_home.png in Resources */,
				B6AB367316D62CE800A41560 /* tab_bar_home_od@2x.png in Resources */,
				B66628B616D6A900009BFE91 /* menu_bar_blue.png in Resources */,
				B66628B916D6AE24009BFE91 /* tab_bar_calorie.png in Resources */,
				B66628BA16D6AE24009BFE91 /* tab_bar_calorie@2x.png in Resources */,
				B6F4EFAE16D8A817000FB226 /* blue_tab_bar.png in Resources */,
				B6F4EFBF16D8C1E0000FB226 /* tab_bar_calendar.png in Resources */,
				B6F4EFC016D8C1E0000FB226 /* tab_bar_calendar@2x.png in Resources */,
				B6F4EFC816D8C940000FB226 /* red_button.png in Resources */,
				B629A72616D9EFF4002CB7A0 /* blue_color.png in Resources */,
				B69CF89416DB01D9000E09D0 /* clock.png in Resources */,
				B69CF89516DB01D9000E09D0 /* clock@2x.png in Resources */,
				B6CC956716DF1F8000FCB7BE /* green_start_button.png in Resources */,
				B6CC956A16DF21B900FCB7BE /* left_arrow.png in Resources */,
				B6CC956B16DF21B900FCB7BE /* left_arrow@2x.png in Resources */,
				B668E56516DF28B5004C40A2 /* user.png in Resources */,
				B668E56616DF28B5004C40A2 /* user@2x.png in Resources */,
			);
			runOnlyForDeploymentPostprocessing = 0;
		};
/* End PBXResourcesBuildPhase section */

/* Begin PBXSourcesBuildPhase section */
		B603A6E216B89DC7006A5DFA /* Sources */ = {
			isa = PBXSourcesBuildPhase;
			buildActionMask = 2147483647;
			files = (
				B603A6F616B89DC7006A5DFA /* main.m in Sources */,
				B603A6FA16B89DC7006A5DFA /* AppDelegate.m in Sources */,
				B603A70916B89DC7006A5DFA /* FirstViewController.m in Sources */,
				B603A71016B89DC7006A5DFA /* SecondViewController.m in Sources */,
				F2195B6916B9604B00EF6309 /* Run.m in Sources */,
				B683D70016BD0A770046DC26 /* UserInfoViewController.m in Sources */,
				B6949D4516BE515C00320C3F /* EffectsFile.m in Sources */,
				B66628BD16D6AEE5009BFE91 /* ThirdViewController.m in Sources */,
			);
			runOnlyForDeploymentPostprocessing = 0;
		};
/* End PBXSourcesBuildPhase section */

/* Begin PBXVariantGroup section */
		B603A6F216B89DC7006A5DFA /* InfoPlist.strings */ = {
			isa = PBXVariantGroup;
			children = (
				B603A6F316B89DC7006A5DFA /* en */,
			);
			name = InfoPlist.strings;
			sourceTree = "<group>";
		};
		B603A70116B89DC7006A5DFA /* MainStoryboard_iPhone.storyboard */ = {
			isa = PBXVariantGroup;
			children = (
				B603A70216B89DC7006A5DFA /* en */,
			);
			name = MainStoryboard_iPhone.storyboard;
			sourceTree = "<group>";
		};
		B603A70416B89DC7006A5DFA /* MainStoryboard_iPad.storyboard */ = {
			isa = PBXVariantGroup;
			children = (
				B603A70516B89DC7006A5DFA /* en */,
			);
			name = MainStoryboard_iPad.storyboard;
			sourceTree = "<group>";
		};
/* End PBXVariantGroup section */

/* Begin XCBuildConfiguration section */
		B603A71516B89DC7006A5DFA /* Debug */ = {
			isa = XCBuildConfiguration;
			buildSettings = {
				ALWAYS_SEARCH_USER_PATHS = NO;
				CLANG_CXX_LANGUAGE_STANDARD = "gnu++0x";
				CLANG_CXX_LIBRARY = "libc++";
				CLANG_ENABLE_OBJC_ARC = YES;
				CLANG_WARN_CONSTANT_CONVERSION = YES;
				CLANG_WARN_EMPTY_BODY = YES;
				CLANG_WARN_ENUM_CONVERSION = YES;
				CLANG_WARN_INT_CONVERSION = YES;
				CLANG_WARN__DUPLICATE_METHOD_MATCH = YES;
				"CODE_SIGN_IDENTITY[sdk=iphoneos*]" = "iPhone Developer";
				COPY_PHASE_STRIP = NO;
				GCC_C_LANGUAGE_STANDARD = gnu99;
				GCC_DYNAMIC_NO_PIC = NO;
				GCC_OPTIMIZATION_LEVEL = 0;
				GCC_PREPROCESSOR_DEFINITIONS = (
					"DEBUG=1",
					"$(inherited)",
				);
				GCC_SYMBOLS_PRIVATE_EXTERN = NO;
				GCC_WARN_ABOUT_RETURN_TYPE = YES;
				GCC_WARN_UNINITIALIZED_AUTOS = YES;
				GCC_WARN_UNUSED_VARIABLE = YES;
				IPHONEOS_DEPLOYMENT_TARGET = 6.1;
				ONLY_ACTIVE_ARCH = YES;
				SDKROOT = iphoneos;
				TARGETED_DEVICE_FAMILY = "1,2";
			};
			name = Debug;
		};
		B603A71616B89DC7006A5DFA /* Release */ = {
			isa = XCBuildConfiguration;
			buildSettings = {
				ALWAYS_SEARCH_USER_PATHS = NO;
				CLANG_CXX_LANGUAGE_STANDARD = "gnu++0x";
				CLANG_CXX_LIBRARY = "libc++";
				CLANG_ENABLE_OBJC_ARC = YES;
				CLANG_WARN_CONSTANT_CONVERSION = YES;
				CLANG_WARN_EMPTY_BODY = YES;
				CLANG_WARN_ENUM_CONVERSION = YES;
				CLANG_WARN_INT_CONVERSION = YES;
				CLANG_WARN__DUPLICATE_METHOD_MATCH = YES;
				"CODE_SIGN_IDENTITY[sdk=iphoneos*]" = "iPhone Developer";
				COPY_PHASE_STRIP = YES;
				GCC_C_LANGUAGE_STANDARD = gnu99;
				GCC_WARN_ABOUT_RETURN_TYPE = YES;
				GCC_WARN_UNINITIALIZED_AUTOS = YES;
				GCC_WARN_UNUSED_VARIABLE = YES;
				IPHONEOS_DEPLOYMENT_TARGET = 6.1;
				OTHER_CFLAGS = "-DNS_BLOCK_ASSERTIONS=1";
				SDKROOT = iphoneos;
				TARGETED_DEVICE_FAMILY = "1,2";
				VALIDATE_PRODUCT = YES;
			};
			name = Release;
		};
		B603A71816B89DC7006A5DFA /* Debug */ = {
			isa = XCBuildConfiguration;
			buildSettings = {
				GCC_PRECOMPILE_PREFIX_HEADER = YES;
				GCC_PREFIX_HEADER = "FitnessBuddy/FitnessBuddy-Prefix.pch";
				INFOPLIST_FILE = "FitnessBuddy/FitnessBuddy-Info.plist";
				PRODUCT_NAME = "$(TARGET_NAME)";
				WRAPPER_EXTENSION = app;
			};
			name = Debug;
		};
		B603A71916B89DC7006A5DFA /* Release */ = {
			isa = XCBuildConfiguration;
			buildSettings = {
				GCC_PRECOMPILE_PREFIX_HEADER = YES;
				GCC_PREFIX_HEADER = "FitnessBuddy/FitnessBuddy-Prefix.pch";
				INFOPLIST_FILE = "FitnessBuddy/FitnessBuddy-Info.plist";
				PRODUCT_NAME = "$(TARGET_NAME)";
				WRAPPER_EXTENSION = app;
			};
			name = Release;
		};
/* End XCBuildConfiguration section */

/* Begin XCConfigurationList section */
		B603A6E116B89DC7006A5DFA /* Build configuration list for PBXProject "FitnessBuddy" */ = {
			isa = XCConfigurationList;
			buildConfigurations = (
				B603A71516B89DC7006A5DFA /* Debug */,
				B603A71616B89DC7006A5DFA /* Release */,
			);
			defaultConfigurationIsVisible = 0;
			defaultConfigurationName = Release;
		};
		B603A71716B89DC7006A5DFA /* Build configuration list for PBXNativeTarget "FitnessBuddy" */ = {
			isa = XCConfigurationList;
			buildConfigurations = (
				B603A71816B89DC7006A5DFA /* Debug */,
				B603A71916B89DC7006A5DFA /* Release */,
			);
			defaultConfigurationIsVisible = 0;
			defaultConfigurationName = Release;
		};
/* End XCConfigurationList section */
	};
	rootObject = B603A6DE16B89DC7006A5DFA /* Project object */;
}
