// !$*UTF8*$!
{
	archiveVersion = 1;
	classes = {
	};
	objectVersion = 46;
	objects = {

/* Begin PBXBuildFile section */
		B603A6EA16B89DC7006A5DFA /* UIKit.framework in Frameworks */ = {isa = PBXBuildFile; fileRef = B603A6E916B89DC7006A5DFA /* UIKit.framework */; };
		B603A6EC16B89DC7006A5DFA /* Foundation.framework in Frameworks */ = {isa = PBXBuildFile; fileRef = B603A6EB16B89DC7006A5DFA /* Foundation.framework */; };
		B603A6EE16B89DC7006A5DFA /* CoreGraphics.framework in Frameworks */ = {isa = PBXBuildFile; fileRef = B603A6ED16B89DC7006A5DFA /* CoreGraphics.framework */; };
		B603A6F416B89DC7006A5DFA /* InfoPlist.strings in Resources */ = {isa = PBXBuildFile; fileRef = B603A6F216B89DC7006A5DFA /* InfoPlist.strings */; };
		B603A6F616B89DC7006A5DFA /* main.m in Sources */ = {isa = PBXBuildFile; fileRef = B603A6F516B89DC7006A5DFA /* main.m */; };
		B603A6FA16B89DC7006A5DFA /* AppDelegate.m in Sources */ = {isa = PBXBuildFile; fileRef = B603A6F916B89DC7006A5DFA /* AppDelegate.m */; };
		B603A6FC16B89DC7006A5DFA /* Default.png in Resources */ = {isa = PBXBuildFile; fileRef = B603A6FB16B89DC7006A5DFA /* Default.png */; };
		B603A6FE16B89DC7006A5DFA /* Default@2x.png in Resources */ = {isa = PBXBuildFile; fileRef = B603A6FD16B89DC7006A5DFA /* Default@2x.png */; };
		B603A70016B89DC7006A5DFA /* Default-568h@2x.png in Resources */ = {isa = PBXBuildFile; fileRef = B603A6FF16B89DC7006A5DFA /* Default-568h@2x.png */; };
		B603A70316B89DC7006A5DFA /* MainStoryboard_iPhone.storyboard in Resources */ = {isa = PBXBuildFile; fileRef = B603A70116B89DC7006A5DFA /* MainStoryboard_iPhone.storyboard */; };
		B603A70616B89DC7006A5DFA /* MainStoryboard_iPad.storyboard in Resources */ = {isa = PBXBuildFile; fileRef = B603A70416B89DC7006A5DFA /* MainStoryboard_iPad.storyboard */; };
		B603A70916B89DC7006A5DFA /* FirstViewController.m in Sources */ = {isa = PBXBuildFile; fileRef = B603A70816B89DC7006A5DFA /* FirstViewController.m */; };
		B603A70B16B89DC7006A5DFA /* first.png in Resources */ = {isa = PBXBuildFile; fileRef = B603A70A16B89DC7006A5DFA /* first.png */; };
		B603A70D16B89DC7006A5DFA /* first@2x.png in Resources */ = {isa = PBXBuildFile; fileRef = B603A70C16B89DC7006A5DFA /* first@2x.png */; };
		B603A71016B89DC7006A5DFA /* SecondViewController.m in Sources */ = {isa = PBXBuildFile; fileRef = B603A70F16B89DC7006A5DFA /* SecondViewController.m */; };
		B603A71216B89DC7006A5DFA /* second1.png in Resources */ = {isa = PBXBuildFile; fileRef = B603A71116B89DC7006A5DFA /* second1.png */; };
		B603A71416B89DC7006A5DFA /* second2.png in Resources */ = {isa = PBXBuildFile; fileRef = B603A71316B89DC7006A5DFA /* second2.png */; };
		B60DDA201714BCB900CD3EC6 /* CalculationViewController.m in Sources */ = {isa = PBXBuildFile; fileRef = B60DDA1F1714BCB900CD3EC6 /* CalculationViewController.m */; };
		B66244F5170B89710032C430 /* MapViewViewController.m in Sources */ = {isa = PBXBuildFile; fileRef = B66244F4170B89710032C430 /* MapViewViewController.m */; };
		B66628BD16D6AEE5009BFE91 /* ThirdViewController.m in Sources */ = {isa = PBXBuildFile; fileRef = B66628BC16D6AEE5009BFE91 /* ThirdViewController.m */; };
		B6720F0616E07F9500F9566C /* 11-clock.png in Resources */ = {isa = PBXBuildFile; fileRef = B6720EEC16E07F9500F9566C /* 11-clock.png */; };
		B6720F0716E07F9500F9566C /* 11-clock@2x.png in Resources */ = {isa = PBXBuildFile; fileRef = B6720EED16E07F9500F9566C /* 11-clock@2x.png */; };
		B6720F0816E07F9500F9566C /* black_stripes.png in Resources */ = {isa = PBXBuildFile; fileRef = B6720EEE16E07F9500F9566C /* black_stripes.png */; };
		B6720F0916E07F9500F9566C /* blue_color.png in Resources */ = {isa = PBXBuildFile; fileRef = B6720EEF16E07F9500F9566C /* blue_color.png */; };
		B6720F0A16E07F9500F9566C /* blue_tab_bar.png in Resources */ = {isa = PBXBuildFile; fileRef = B6720EF016E07F9500F9566C /* blue_tab_bar.png */; };
		B6720F0B16E07F9500F9566C /* clock.png in Resources */ = {isa = PBXBuildFile; fileRef = B6720EF116E07F9500F9566C /* clock.png */; };
		B6720F0C16E07F9500F9566C /* clock@2x.png in Resources */ = {isa = PBXBuildFile; fileRef = B6720EF216E07F9500F9566C /* clock@2x.png */; };
		B6720F0D16E07F9500F9566C /* dark_brick_wall.png in Resources */ = {isa = PBXBuildFile; fileRef = B6720EF316E07F9500F9566C /* dark_brick_wall.png */; };
		B6720F0E16E07F9500F9566C /* fake_brick.png in Resources */ = {isa = PBXBuildFile; fileRef = B6720EF416E07F9500F9566C /* fake_brick.png */; };
		B6720F0F16E07F9500F9566C /* gear2.png in Resources */ = {isa = PBXBuildFile; fileRef = B6720EF516E07F9500F9566C /* gear2.png */; };
		B6720F1016E07F9500F9566C /* gear2@2x.png in Resources */ = {isa = PBXBuildFile; fileRef = B6720EF616E07F9500F9566C /* gear2@2x.png */; };
		B6720F1116E07F9500F9566C /* green_start_button.png in Resources */ = {isa = PBXBuildFile; fileRef = B6720EF716E07F9500F9566C /* green_start_button.png */; };
		B6720F1216E07F9500F9566C /* menu_bar_blue.png in Resources */ = {isa = PBXBuildFile; fileRef = B6720EF816E07F9500F9566C /* menu_bar_blue.png */; };
		B6720F1316E07F9500F9566C /* red_button.png in Resources */ = {isa = PBXBuildFile; fileRef = B6720EF916E07F9500F9566C /* red_button.png */; };
		B6720F1416E07F9500F9566C /* stressed_linen.png in Resources */ = {isa = PBXBuildFile; fileRef = B6720EFA16E07F9500F9566C /* stressed_linen.png */; };
		B6720F1516E07F9500F9566C /* tab_bar_calendar.png in Resources */ = {isa = PBXBuildFile; fileRef = B6720EFB16E07F9500F9566C /* tab_bar_calendar.png */; };
		B6720F1616E07F9500F9566C /* tab_bar_calendar@2x.png in Resources */ = {isa = PBXBuildFile; fileRef = B6720EFC16E07F9500F9566C /* tab_bar_calendar@2x.png */; };
		B6720F1716E07F9500F9566C /* tab_bar_calorie.png in Resources */ = {isa = PBXBuildFile; fileRef = B6720EFD16E07F9500F9566C /* tab_bar_calorie.png */; };
		B6720F1816E07F9500F9566C /* tab_bar_calorie@2x.png in Resources */ = {isa = PBXBuildFile; fileRef = B6720EFE16E07F9500F9566C /* tab_bar_calorie@2x.png */; };
		B6720F1916E07F9500F9566C /* tab_bar_home_od@2x.png in Resources */ = {isa = PBXBuildFile; fileRef = B6720EFF16E07F9500F9566C /* tab_bar_home_od@2x.png */; };
		B6720F1A16E07F9500F9566C /* tab_bar_home.png in Resources */ = {isa = PBXBuildFile; fileRef = B6720F0016E07F9500F9566C /* tab_bar_home.png */; };
		B6720F1B16E07F9500F9566C /* tab_bar_map.png in Resources */ = {isa = PBXBuildFile; fileRef = B6720F0116E07F9500F9566C /* tab_bar_map.png */; };
		B6720F1C16E07F9500F9566C /* tab_bar_map@2x.png in Resources */ = {isa = PBXBuildFile; fileRef = B6720F0216E07F9500F9566C /* tab_bar_map@2x.png */; };
		B6720F1D16E07F9500F9566C /* twinkle_twinkle.png in Resources */ = {isa = PBXBuildFile; fileRef = B6720F0316E07F9500F9566C /* twinkle_twinkle.png */; };
		B6720F1E16E07F9500F9566C /* user.png in Resources */ = {isa = PBXBuildFile; fileRef = B6720F0416E07F9500F9566C /* user.png */; };
		B6720F1F16E07F9500F9566C /* user@2x.png in Resources */ = {isa = PBXBuildFile; fileRef = B6720F0516E07F9500F9566C /* user@2x.png */; };
		B683D70016BD0A770046DC26 /* UserInfoViewController.m in Sources */ = {isa = PBXBuildFile; fileRef = B683D6FF16BD0A770046DC26 /* UserInfoViewController.m */; };
		B6949D4516BE515C00320C3F /* EffectsFile.m in Sources */ = {isa = PBXBuildFile; fileRef = B6949D4416BE515C00320C3F /* EffectsFile.m */; };
		F2195B6616B95F1300EF6309 /* second@2x.png in Resources */ = {isa = PBXBuildFile; fileRef = F2195B6516B95F1300EF6309 /* second@2x.png */; };
		F2195B6916B9604B00EF6309 /* Run.m in Sources */ = {isa = PBXBuildFile; fileRef = F2195B6816B9604B00EF6309 /* Run.m */; };
		F2195B8516BB3C7100EF6309 /* CoreLocation.framework in Frameworks */ = {isa = PBXBuildFile; fileRef = F2195B8416BB3C7100EF6309 /* CoreLocation.framework */; };
		F2195B8716BB3C7C00EF6309 /* MapKit.framework in Frameworks */ = {isa = PBXBuildFile; fileRef = F2195B8616BB3C7C00EF6309 /* MapKit.framework */; };
/* End PBXBuildFile section */

/* Begin PBXFileReference section */
		B603A6E616B89DC7006A5DFA /* FitnessBuddy.app */ = {isa = PBXFileReference; explicitFileType = wrapper.application; includeInIndex = 0; path = FitnessBuddy.app; sourceTree = BUILT_PRODUCTS_DIR; };
		B603A6E916B89DC7006A5DFA /* UIKit.framework */ = {isa = PBXFileReference; lastKnownFileType = wrapper.framework; name = UIKit.framework; path = System/Library/Frameworks/UIKit.framework; sourceTree = SDKROOT; };
		B603A6EB16B89DC7006A5DFA /* Foundation.framework */ = {isa = PBXFileReference; lastKnownFileType = wrapper.framework; name = Foundation.framework; path = System/Library/Frameworks/Foundation.framework; sourceTree = SDKROOT; };
		B603A6ED16B89DC7006A5DFA /* CoreGraphics.framework */ = {isa = PBXFileReference; lastKnownFileType = wrapper.framework; name = CoreGraphics.framework; path = System/Library/Frameworks/CoreGraphics.framework; sourceTree = SDKROOT; };
		B603A6F116B89DC7006A5DFA /* FitnessBuddy-Info.plist */ = {isa = PBXFileReference; lastKnownFileType = text.plist.xml; path = "FitnessBuddy-Info.plist"; sourceTree = "<group>"; };
		B603A6F316B89DC7006A5DFA /* en */ = {isa = PBXFileReference; lastKnownFileType = text.plist.strings; name = en; path = en.lproj/InfoPlist.strings; sourceTree = "<group>"; };
		B603A6F516B89DC7006A5DFA /* main.m */ = {isa = PBXFileReference; lastKnownFileType = sourcecode.c.objc; path = main.m; sourceTree = "<group>"; };
		B603A6F716B89DC7006A5DFA /* FitnessBuddy-Prefix.pch */ = {isa = PBXFileReference; lastKnownFileType = sourcecode.c.h; path = "FitnessBuddy-Prefix.pch"; sourceTree = "<group>"; };
		B603A6F816B89DC7006A5DFA /* AppDelegate.h */ = {isa = PBXFileReference; lastKnownFileType = sourcecode.c.h; path = AppDelegate.h; sourceTree = "<group>"; };
		B603A6F916B89DC7006A5DFA /* AppDelegate.m */ = {isa = PBXFileReference; lastKnownFileType = sourcecode.c.objc; path = AppDelegate.m; sourceTree = "<group>"; };
		B603A6FB16B89DC7006A5DFA /* Default.png */ = {isa = PBXFileReference; lastKnownFileType = image.png; path = Default.png; sourceTree = "<group>"; };
		B603A6FD16B89DC7006A5DFA /* Default@2x.png */ = {isa = PBXFileReference; lastKnownFileType = image.png; path = "Default@2x.png"; sourceTree = "<group>"; };
		B603A6FF16B89DC7006A5DFA /* Default-568h@2x.png */ = {isa = PBXFileReference; lastKnownFileType = image.png; path = "Default-568h@2x.png"; sourceTree = "<group>"; };
		B603A70216B89DC7006A5DFA /* en */ = {isa = PBXFileReference; lastKnownFileType = file.storyboard; name = en; path = en.lproj/MainStoryboard_iPhone.storyboard; sourceTree = "<group>"; };
		B603A70516B89DC7006A5DFA /* en */ = {isa = PBXFileReference; lastKnownFileType = file.storyboard; name = en; path = en.lproj/MainStoryboard_iPad.storyboard; sourceTree = "<group>"; };
		B603A70716B89DC7006A5DFA /* FirstViewController.h */ = {isa = PBXFileReference; lastKnownFileType = sourcecode.c.h; path = FirstViewController.h; sourceTree = "<group>"; };
		B603A70816B89DC7006A5DFA /* FirstViewController.m */ = {isa = PBXFileReference; lastKnownFileType = sourcecode.c.objc; path = FirstViewController.m; sourceTree = "<group>"; };
		B603A70A16B89DC7006A5DFA /* first.png */ = {isa = PBXFileReference; lastKnownFileType = image.png; path = first.png; sourceTree = "<group>"; };
		B603A70C16B89DC7006A5DFA /* first@2x.png */ = {isa = PBXFileReference; lastKnownFileType = image.png; path = "first@2x.png"; sourceTree = "<group>"; };
		B603A70E16B89DC7006A5DFA /* SecondViewController.h */ = {isa = PBXFileReference; lastKnownFileType = sourcecode.c.h; path = SecondViewController.h; sourceTree = "<group>"; };
		B603A70F16B89DC7006A5DFA /* SecondViewController.m */ = {isa = PBXFileReference; lastKnownFileType = sourcecode.c.objc; path = SecondViewController.m; sourceTree = "<group>"; };
		B603A71116B89DC7006A5DFA /* second1.png */ = {isa = PBXFileReference; lastKnownFileType = image.png; path = second1.png; sourceTree = "<group>"; };
		B603A71316B89DC7006A5DFA /* second2.png */ = {isa = PBXFileReference; lastKnownFileType = image.png; path = second2.png; sourceTree = "<group>"; };
		B60DDA1E1714BCB900CD3EC6 /* CalculationViewController.h */ = {isa = PBXFileReference; fileEncoding = 4; lastKnownFileType = sourcecode.c.h; path = CalculationViewController.h; sourceTree = "<group>"; };
		B60DDA1F1714BCB900CD3EC6 /* CalculationViewController.m */ = {isa = PBXFileReference; fileEncoding = 4; lastKnownFileType = sourcecode.c.objc; path = CalculationViewController.m; sourceTree = "<group>"; };
		B66244F3170B89710032C430 /* MapViewViewController.h */ = {isa = PBXFileReference; fileEncoding = 4; lastKnownFileType = sourcecode.c.h; path = MapViewViewController.h; sourceTree = "<group>"; };
		B66244F4170B89710032C430 /* MapViewViewController.m */ = {isa = PBXFileReference; fileEncoding = 4; lastKnownFileType = sourcecode.c.objc; path = MapViewViewController.m; sourceTree = "<group>"; };
		B66628BB16D6AEE5009BFE91 /* ThirdViewController.h */ = {isa = PBXFileReference; fileEncoding = 4; lastKnownFileType = sourcecode.c.h; path = ThirdViewController.h; sourceTree = "<group>"; };
		B66628BC16D6AEE5009BFE91 /* ThirdViewController.m */ = {isa = PBXFileReference; fileEncoding = 4; lastKnownFileType = sourcecode.c.objc; path = ThirdViewController.m; sourceTree = "<group>"; };
		B6720EEC16E07F9500F9566C /* 11-clock.png */ = {isa = PBXFileReference; lastKnownFileType = image.png; name = "11-clock.png"; path = "Images/11-clock.png"; sourceTree = "<group>"; };
		B6720EED16E07F9500F9566C /* 11-clock@2x.png */ = {isa = PBXFileReference; lastKnownFileType = image.png; name = "11-clock@2x.png"; path = "Images/11-clock@2x.png"; sourceTree = "<group>"; };
		B6720EEE16E07F9500F9566C /* black_stripes.png */ = {isa = PBXFileReference; lastKnownFileType = image.png; name = black_stripes.png; path = Images/black_stripes.png; sourceTree = "<group>"; };
		B6720EEF16E07F9500F9566C /* blue_color.png */ = {isa = PBXFileReference; lastKnownFileType = image.png; name = blue_color.png; path = Images/blue_color.png; sourceTree = "<group>"; };
		B6720EF016E07F9500F9566C /* blue_tab_bar.png */ = {isa = PBXFileReference; lastKnownFileType = image.png; name = blue_tab_bar.png; path = Images/blue_tab_bar.png; sourceTree = "<group>"; };
		B6720EF116E07F9500F9566C /* clock.png */ = {isa = PBXFileReference; lastKnownFileType = image.png; name = clock.png; path = Images/clock.png; sourceTree = "<group>"; };
		B6720EF216E07F9500F9566C /* clock@2x.png */ = {isa = PBXFileReference; lastKnownFileType = image.png; name = "clock@2x.png"; path = "Images/clock@2x.png"; sourceTree = "<group>"; };
		B6720EF316E07F9500F9566C /* dark_brick_wall.png */ = {isa = PBXFileReference; lastKnownFileType = image.png; name = dark_brick_wall.png; path = Images/dark_brick_wall.png; sourceTree = "<group>"; };
		B6720EF416E07F9500F9566C /* fake_brick.png */ = {isa = PBXFileReference; lastKnownFileType = image.png; name = fake_brick.png; path = Images/fake_brick.png; sourceTree = "<group>"; };
		B6720EF516E07F9500F9566C /* gear2.png */ = {isa = PBXFileReference; lastKnownFileType = image.png; name = gear2.png; path = Images/gear2.png; sourceTree = "<group>"; };
		B6720EF616E07F9500F9566C /* gear2@2x.png */ = {isa = PBXFileReference; lastKnownFileType = image.png; name = "gear2@2x.png"; path = "Images/gear2@2x.png"; sourceTree = "<group>"; };
		B6720EF716E07F9500F9566C /* green_start_button.png */ = {isa = PBXFileReference; lastKnownFileType = image.png; name = green_start_button.png; path = Images/green_start_button.png; sourceTree = "<group>"; };
		B6720EF816E07F9500F9566C /* menu_bar_blue.png */ = {isa = PBXFileReference; lastKnownFileType = image.png; name = menu_bar_blue.png; path = Images/menu_bar_blue.png; sourceTree = "<group>"; };
		B6720EF916E07F9500F9566C /* red_button.png */ = {isa = PBXFileReference; lastKnownFileType = image.png; name = red_button.png; path = Images/red_button.png; sourceTree = "<group>"; };
		B6720EFA16E07F9500F9566C /* stressed_linen.png */ = {isa = PBXFileReference; lastKnownFileType = image.png; name = stressed_linen.png; path = Images/stressed_linen.png; sourceTree = "<group>"; };
		B6720EFB16E07F9500F9566C /* tab_bar_calendar.png */ = {isa = PBXFileReference; lastKnownFileType = image.png; name = tab_bar_calendar.png; path = Images/tab_bar_calendar.png; sourceTree = "<group>"; };
		B6720EFC16E07F9500F9566C /* tab_bar_calendar@2x.png */ = {isa = PBXFileReference; lastKnownFileType = image.png; name = "tab_bar_calendar@2x.png"; path = "Images/tab_bar_calendar@2x.png"; sourceTree = "<group>"; };
		B6720EFD16E07F9500F9566C /* tab_bar_calorie.png */ = {isa = PBXFileReference; lastKnownFileType = image.png; name = tab_bar_calorie.png; path = Images/tab_bar_calorie.png; sourceTree = "<group>"; };
		B6720EFE16E07F9500F9566C /* tab_bar_calorie@2x.png */ = {isa = PBXFileReference; lastKnownFileType = image.png; name = "tab_bar_calorie@2x.png"; path = "Images/tab_bar_calorie@2x.png"; sourceTree = "<group>"; };
		B6720EFF16E07F9500F9566C /* tab_bar_home_od@2x.png */ = {isa = PBXFileReference; lastKnownFileType = image.png; name = "tab_bar_home_od@2x.png"; path = "Images/tab_bar_home_od@2x.png"; sourceTree = "<group>"; };
		B6720F0016E07F9500F9566C /* tab_bar_home.png */ = {isa = PBXFileReference; lastKnownFileType = image.png; name = tab_bar_home.png; path = Images/tab_bar_home.png; sourceTree = "<group>"; };
		B6720F0116E07F9500F9566C /* tab_bar_map.png */ = {isa = PBXFileReference; lastKnownFileType = image.png; name = tab_bar_map.png; path = Images/tab_bar_map.png; sourceTree = "<group>"; };
		B6720F0216E07F9500F9566C /* tab_bar_map@2x.png */ = {isa = PBXFileReference; lastKnownFileType = image.png; name = "tab_bar_map@2x.png"; path = "Images/tab_bar_map@2x.png"; sourceTree = "<group>"; };
		B6720F0316E07F9500F9566C /* twinkle_twinkle.png */ = {isa = PBXFileReference; lastKnownFileType = image.png; name = twinkle_twinkle.png; path = Images/twinkle_twinkle.png; sourceTree = "<group>"; };
		B6720F0416E07F9500F9566C /* user.png */ = {isa = PBXFileReference; lastKnownFileType = image.png; name = user.png; path = Images/user.png; sourceTree = "<group>"; };
		B6720F0516E07F9500F9566C /* user@2x.png */ = {isa = PBXFileReference; lastKnownFileType = image.png; name = "user@2x.png"; path = "Images/user@2x.png"; sourceTree = "<group>"; };
		B683D6FE16BD0A770046DC26 /* UserInfoViewController.h */ = {isa = PBXFileReference; fileEncoding = 4; lastKnownFileType = sourcecode.c.h; path = UserInfoViewController.h; sourceTree = "<group>"; };
		B683D6FF16BD0A770046DC26 /* UserInfoViewController.m */ = {isa = PBXFileReference; fileEncoding = 4; lastKnownFileType = sourcecode.c.objc; path = UserInfoViewController.m; sourceTree = "<group>"; };
		B6949D4316BE515C00320C3F /* EffectsFile.h */ = {isa = PBXFileReference; fileEncoding = 4; lastKnownFileType = sourcecode.c.h; path = EffectsFile.h; sourceTree = "<group>"; };
		B6949D4416BE515C00320C3F /* EffectsFile.m */ = {isa = PBXFileReference; fileEncoding = 4; lastKnownFileType = sourcecode.c.objc; path = EffectsFile.m; sourceTree = "<group>"; };
		F2195B6516B95F1300EF6309 /* second@2x.png */ = {isa = PBXFileReference; lastKnownFileType = image.png; path = "second@2x.png"; sourceTree = "<group>"; };
		F2195B6716B9604B00EF6309 /* Run.h */ = {isa = PBXFileReference; fileEncoding = 4; lastKnownFileType = sourcecode.c.h; path = Run.h; sourceTree = "<group>"; };
		F2195B6816B9604B00EF6309 /* Run.m */ = {isa = PBXFileReference; fileEncoding = 4; lastKnownFileType = sourcecode.c.objc; path = Run.m; sourceTree = "<group>"; };
		F2195B8416BB3C7100EF6309 /* CoreLocation.framework */ = {isa = PBXFileReference; lastKnownFileType = wrapper.framework; name = CoreLocation.framework; path = System/Library/Frameworks/CoreLocation.framework; sourceTree = SDKROOT; };
		F2195B8616BB3C7C00EF6309 /* MapKit.framework */ = {isa = PBXFileReference; lastKnownFileType = wrapper.framework; name = MapKit.framework; path = System/Library/Frameworks/MapKit.framework; sourceTree = SDKROOT; };
/* End PBXFileReference section */

/* Begin PBXFrameworksBuildPhase section */
		B603A6E316B89DC7006A5DFA /* Frameworks */ = {
			isa = PBXFrameworksBuildPhase;
			buildActionMask = 2147483647;
			files = (
				F2195B8716BB3C7C00EF6309 /* MapKit.framework in Frameworks */,
				F2195B8516BB3C7100EF6309 /* CoreLocation.framework in Frameworks */,
				B603A6EA16B89DC7006A5DFA /* UIKit.framework in Frameworks */,
				B603A6EC16B89DC7006A5DFA /* Foundation.framework in Frameworks */,
				B603A6EE16B89DC7006A5DFA /* CoreGraphics.framework in Frameworks */,
			);
			runOnlyForDeploymentPostprocessing = 0;
		};
/* End PBXFrameworksBuildPhase section */

/* Begin PBXGroup section */
		B603A6DD16B89DC7006A5DFA = {
			isa = PBXGroup;
			children = (
				B683D6F716BD08730046DC26 /* Images */,
				B603A6EF16B89DC7006A5DFA /* FitnessBuddy */,
				B603A6E816B89DC7006A5DFA /* Frameworks */,
				B603A6E716B89DC7006A5DFA /* Products */,
			);
			sourceTree = "<group>";
		};
		B603A6E716B89DC7006A5DFA /* Products */ = {
			isa = PBXGroup;
			children = (
				B603A6E616B89DC7006A5DFA /* FitnessBuddy.app */,
			);
			name = Products;
			sourceTree = "<group>";
		};
		B603A6E816B89DC7006A5DFA /* Frameworks */ = {
			isa = PBXGroup;
			children = (
				F2195B8616BB3C7C00EF6309 /* MapKit.framework */,
				F2195B8416BB3C7100EF6309 /* CoreLocation.framework */,
				B603A6E916B89DC7006A5DFA /* UIKit.framework */,
				B603A6EB16B89DC7006A5DFA /* Foundation.framework */,
				B603A6ED16B89DC7006A5DFA /* CoreGraphics.framework */,
			);
			name = Frameworks;
			sourceTree = "<group>";
		};
		B603A6EF16B89DC7006A5DFA /* FitnessBuddy */ = {
			isa = PBXGroup;
			children = (
				B6949D4316BE515C00320C3F /* EffectsFile.h */,
				B6949D4416BE515C00320C3F /* EffectsFile.m */,
				B603A6F816B89DC7006A5DFA /* AppDelegate.h */,
				B603A6F916B89DC7006A5DFA /* AppDelegate.m */,
				B603A70116B89DC7006A5DFA /* MainStoryboard_iPhone.storyboard */,
				B603A70416B89DC7006A5DFA /* MainStoryboard_iPad.storyboard */,
				B603A70716B89DC7006A5DFA /* FirstViewController.h */,
				B603A70816B89DC7006A5DFA /* FirstViewController.m */,
				B66244F3170B89710032C430 /* MapViewViewController.h */,
				B66244F4170B89710032C430 /* MapViewViewController.m */,
				B603A70E16B89DC7006A5DFA /* SecondViewController.h */,
				B603A70F16B89DC7006A5DFA /* SecondViewController.m */,
				B66628BB16D6AEE5009BFE91 /* ThirdViewController.h */,
				B66628BC16D6AEE5009BFE91 /* ThirdViewController.m */,
				B60DDA1E1714BCB900CD3EC6 /* CalculationViewController.h */,
				B60DDA1F1714BCB900CD3EC6 /* CalculationViewController.m */,
				F2195B6716B9604B00EF6309 /* Run.h */,
				F2195B6816B9604B00EF6309 /* Run.m */,
				B603A70A16B89DC7006A5DFA /* first.png */,
				B603A70C16B89DC7006A5DFA /* first@2x.png */,
				F2195B6516B95F1300EF6309 /* second@2x.png */,
				B603A71116B89DC7006A5DFA /* second1.png */,
				B603A71316B89DC7006A5DFA /* second2.png */,
				B683D6FE16BD0A770046DC26 /* UserInfoViewController.h */,
				B683D6FF16BD0A770046DC26 /* UserInfoViewController.m */,
				B603A6F016B89DC7006A5DFA /* Supporting Files */,
			);
			path = FitnessBuddy;
			sourceTree = "<group>";
		};
		B603A6F016B89DC7006A5DFA /* Supporting Files */ = {
			isa = PBXGroup;
			children = (
				B603A6F116B89DC7006A5DFA /* FitnessBuddy-Info.plist */,
				B603A6F216B89DC7006A5DFA /* InfoPlist.strings */,
				B603A6F516B89DC7006A5DFA /* main.m */,
				B603A6F716B89DC7006A5DFA /* FitnessBuddy-Prefix.pch */,
				B603A6FB16B89DC7006A5DFA /* Default.png */,
				B603A6FD16B89DC7006A5DFA /* Default@2x.png */,
				B603A6FF16B89DC7006A5DFA /* Default-568h@2x.png */,
			);
			name = "Supporting Files";
			sourceTree = "<group>";
		};
		B683D6F716BD08730046DC26 /* Images */ = {
			isa = PBXGroup;
			children = (
				B6720EEC16E07F9500F9566C /* 11-clock.png */,
				B6720EED16E07F9500F9566C /* 11-clock@2x.png */,
				B6720EEE16E07F9500F9566C /* black_stripes.png */,
				B6720EEF16E07F9500F9566C /* blue_color.png */,
				B6720EF016E07F9500F9566C /* blue_tab_bar.png */,
				B6720EF116E07F9500F9566C /* clock.png */,
				B6720EF216E07F9500F9566C /* clock@2x.png */,
				B6720EF316E07F9500F9566C /* dark_brick_wall.png */,
				B6720EF416E07F9500F9566C /* fake_brick.png */,
				B6720EF516E07F9500F9566C /* gear2.png */,
				B6720EF616E07F9500F9566C /* gear2@2x.png */,
				B6720EF716E07F9500F9566C /* green_start_button.png */,
				B6720EF816E07F9500F9566C /* menu_bar_blue.png */,
				B6720EF916E07F9500F9566C /* red_button.png */,
				B6720EFA16E07F9500F9566C /* stressed_linen.png */,
				B6720EFB16E07F9500F9566C /* tab_bar_calendar.png */,
				B6720EFC16E07F9500F9566C /* tab_bar_calendar@2x.png */,
				B6720EFD16E07F9500F9566C /* tab_bar_calorie.png */,
				B6720EFE16E07F9500F9566C /* tab_bar_calorie@2x.png */,
				B6720EFF16E07F9500F9566C /* tab_bar_home_od@2x.png */,
				B6720F0016E07F9500F9566C /* tab_bar_home.png */,
				B6720F0116E07F9500F9566C /* tab_bar_map.png */,
				B6720F0216E07F9500F9566C /* tab_bar_map@2x.png */,
				B6720F0316E07F9500F9566C /* twinkle_twinkle.png */,
				B6720F0416E07F9500F9566C /* user.png */,
				B6720F0516E07F9500F9566C /* user@2x.png */,
			);
			name = Images;
			sourceTree = "<group>";
		};
/* End PBXGroup section */

/* Begin PBXNativeTarget section */
		B603A6E516B89DC7006A5DFA /* FitnessBuddy */ = {
			isa = PBXNativeTarget;
			buildConfigurationList = B603A71716B89DC7006A5DFA /* Build configuration list for PBXNativeTarget "FitnessBuddy" */;
			buildPhases = (
				B603A6E216B89DC7006A5DFA /* Sources */,
				B603A6E316B89DC7006A5DFA /* Frameworks */,
				B603A6E416B89DC7006A5DFA /* Resources */,
			);
			buildRules = (
			);
			dependencies = (
			);
			name = FitnessBuddy;
			productName = FitnessBuddy;
			productReference = B603A6E616B89DC7006A5DFA /* FitnessBuddy.app */;
			productType = "com.apple.product-type.application";
		};
/* End PBXNativeTarget section */

/* Begin PBXProject section */
		B603A6DE16B89DC7006A5DFA /* Project object */ = {
			isa = PBXProject;
			attributes = {
				LastUpgradeCheck = 0460;
				ORGANIZATIONNAME = "Usman Tamanna";
			};
			buildConfigurationList = B603A6E116B89DC7006A5DFA /* Build configuration list for PBXProject "FitnessBuddy" */;
			compatibilityVersion = "Xcode 3.2";
			developmentRegion = English;
			hasScannedForEncodings = 0;
			knownRegions = (
				en,
			);
			mainGroup = B603A6DD16B89DC7006A5DFA;
			productRefGroup = B603A6E716B89DC7006A5DFA /* Products */;
			projectDirPath = "";
			projectRoot = "";
			targets = (
				B603A6E516B89DC7006A5DFA /* FitnessBuddy */,
			);
		};
/* End PBXProject section */

/* Begin PBXResourcesBuildPhase section */
		B603A6E416B89DC7006A5DFA /* Resources */ = {
			isa = PBXResourcesBuildPhase;
			buildActionMask = 2147483647;
			files = (
				B603A6F416B89DC7006A5DFA /* InfoPlist.strings in Resources */,
				B603A6FC16B89DC7006A5DFA /* Default.png in Resources */,
				B603A6FE16B89DC7006A5DFA /* Default@2x.png in Resources */,
				B603A70016B89DC7006A5DFA /* Default-568h@2x.png in Resources */,
				B603A70316B89DC7006A5DFA /* MainStoryboard_iPhone.storyboard in Resources */,
				B603A70616B89DC7006A5DFA /* MainStoryboard_iPad.storyboard in Resources */,
				B603A70B16B89DC7006A5DFA /* first.png in Resources */,
				B603A70D16B89DC7006A5DFA /* first@2x.png in Resources */,
				B603A71216B89DC7006A5DFA /* second1.png in Resources */,
				B603A71416B89DC7006A5DFA /* second2.png in Resources */,
				F2195B6616B95F1300EF6309 /* second@2x.png in Resources */,
				B6720F0616E07F9500F9566C /* 11-clock.png in Resources */,
				B6720F0716E07F9500F9566C /* 11-clock@2x.png in Resources */,
				B6720F0816E07F9500F9566C /* black_stripes.png in Resources */,
				B6720F0916E07F9500F9566C /* blue_color.png in Resources */,
				B6720F0A16E07F9500F9566C /* blue_tab_bar.png in Resources */,
				B6720F0B16E07F9500F9566C /* clock.png in Resources */,
				B6720F0C16E07F9500F9566C /* clock@2x.png in Resources */,
				B6720F0D16E07F9500F9566C /* dark_brick_wall.png in Resources */,
				B6720F0E16E07F9500F9566C /* fake_brick.png in Resources */,
				B6720F0F16E07F9500F9566C /* gear2.png in Resources */,
				B6720F1016E07F9500F9566C /* gear2@2x.png in Resources */,
				B6720F1116E07F9500F9566C /* green_start_button.png in Resources */,
				B6720F1216E07F9500F9566C /* menu_bar_blue.png in Resources */,
				B6720F1316E07F9500F9566C /* red_button.png in Resources */,
				B6720F1416E07F9500F9566C /* stressed_linen.png in Resources */,
				B6720F1516E07F9500F9566C /* tab_bar_calendar.png in Resources */,
				B6720F1616E07F9500F9566C /* tab_bar_calendar@2x.png in Resources */,
				B6720F1716E07F9500F9566C /* tab_bar_calorie.png in Resources */,
				B6720F1816E07F9500F9566C /* tab_bar_calorie@2x.png in Resources */,
				B6720F1916E07F9500F9566C /* tab_bar_home_od@2x.png in Resources */,
				B6720F1A16E07F9500F9566C /* tab_bar_home.png in Resources */,
				B6720F1B16E07F9500F9566C /* tab_bar_map.png in Resources */,
				B6720F1C16E07F9500F9566C /* tab_bar_map@2x.png in Resources */,
				B6720F1D16E07F9500F9566C /* twinkle_twinkle.png in Resources */,
				B6720F1E16E07F9500F9566C /* user.png in Resources */,
				B6720F1F16E07F9500F9566C /* user@2x.png in Resources */,
			);
			runOnlyForDeploymentPostprocessing = 0;
		};
/* End PBXResourcesBuildPhase section */

/* Begin PBXSourcesBuildPhase section */
		B603A6E216B89DC7006A5DFA /* Sources */ = {
			isa = PBXSourcesBuildPhase;
			buildActionMask = 2147483647;
			files = (
				B603A6F616B89DC7006A5DFA /* main.m in Sources */,
				B603A6FA16B89DC7006A5DFA /* AppDelegate.m in Sources */,
				B603A70916B89DC7006A5DFA /* FirstViewController.m in Sources */,
				B603A71016B89DC7006A5DFA /* SecondViewController.m in Sources */,
				F2195B6916B9604B00EF6309 /* Run.m in Sources */,
				B683D70016BD0A770046DC26 /* UserInfoViewController.m in Sources */,
				B6949D4516BE515C00320C3F /* EffectsFile.m in Sources */,
				B66628BD16D6AEE5009BFE91 /* ThirdViewController.m in Sources */,
				B66244F5170B89710032C430 /* MapViewViewController.m in Sources */,
				B60DDA201714BCB900CD3EC6 /* CalculationViewController.m in Sources */,
			);
			runOnlyForDeploymentPostprocessing = 0;
		};
/* End PBXSourcesBuildPhase section */

/* Begin PBXVariantGroup section */
		B603A6F216B89DC7006A5DFA /* InfoPlist.strings */ = {
			isa = PBXVariantGroup;
			children = (
				B603A6F316B89DC7006A5DFA /* en */,
			);
			name = InfoPlist.strings;
			sourceTree = "<group>";
		};
		B603A70116B89DC7006A5DFA /* MainStoryboard_iPhone.storyboard */ = {
			isa = PBXVariantGroup;
			children = (
				B603A70216B89DC7006A5DFA /* en */,
			);
			name = MainStoryboard_iPhone.storyboard;
			sourceTree = "<group>";
		};
		B603A70416B89DC7006A5DFA /* MainStoryboard_iPad.storyboard */ = {
			isa = PBXVariantGroup;
			children = (
				B603A70516B89DC7006A5DFA /* en */,
			);
			name = MainStoryboard_iPad.storyboard;
			sourceTree = "<group>";
		};
/* End PBXVariantGroup section */

/* Begin XCBuildConfiguration section */
		B603A71516B89DC7006A5DFA /* Debug */ = {
			isa = XCBuildConfiguration;
			buildSettings = {
				ALWAYS_SEARCH_USER_PATHS = NO;
				CLANG_CXX_LANGUAGE_STANDARD = "gnu++0x";
				CLANG_CXX_LIBRARY = "libc++";
				CLANG_ENABLE_OBJC_ARC = YES;
				CLANG_WARN_CONSTANT_CONVERSION = YES;
				CLANG_WARN_EMPTY_BODY = YES;
				CLANG_WARN_ENUM_CONVERSION = YES;
				CLANG_WARN_INT_CONVERSION = YES;
				CLANG_WARN__DUPLICATE_METHOD_MATCH = YES;
				"CODE_SIGN_IDENTITY[sdk=iphoneos*]" = "iPhone Developer";
				COPY_PHASE_STRIP = NO;
				GCC_C_LANGUAGE_STANDARD = gnu99;
				GCC_DYNAMIC_NO_PIC = NO;
				GCC_OPTIMIZATION_LEVEL = 0;
				GCC_PREPROCESSOR_DEFINITIONS = (
					"DEBUG=1",
					"$(inherited)",
				);
				GCC_SYMBOLS_PRIVATE_EXTERN = NO;
				GCC_WARN_ABOUT_RETURN_TYPE = YES;
				GCC_WARN_UNINITIALIZED_AUTOS = YES;
				GCC_WARN_UNUSED_VARIABLE = YES;
				IPHONEOS_DEPLOYMENT_TARGET = 6.1;
				ONLY_ACTIVE_ARCH = YES;
				SDKROOT = iphoneos;
				TARGETED_DEVICE_FAMILY = "1,2";
			};
			name = Debug;
		};
		B603A71616B89DC7006A5DFA /* Release */ = {
			isa = XCBuildConfiguration;
			buildSettings = {
				ALWAYS_SEARCH_USER_PATHS = NO;
				CLANG_CXX_LANGUAGE_STANDARD = "gnu++0x";
				CLANG_CXX_LIBRARY = "libc++";
				CLANG_ENABLE_OBJC_ARC = YES;
				CLANG_WARN_CONSTANT_CONVERSION = YES;
				CLANG_WARN_EMPTY_BODY = YES;
				CLANG_WARN_ENUM_CONVERSION = YES;
				CLANG_WARN_INT_CONVERSION = YES;
				CLANG_WARN__DUPLICATE_METHOD_MATCH = YES;
				"CODE_SIGN_IDENTITY[sdk=iphoneos*]" = "iPhone Developer";
				COPY_PHASE_STRIP = YES;
				GCC_C_LANGUAGE_STANDARD = gnu99;
				GCC_WARN_ABOUT_RETURN_TYPE = YES;
				GCC_WARN_UNINITIALIZED_AUTOS = YES;
				GCC_WARN_UNUSED_VARIABLE = YES;
				IPHONEOS_DEPLOYMENT_TARGET = 6.1;
				OTHER_CFLAGS = "-DNS_BLOCK_ASSERTIONS=1";
				SDKROOT = iphoneos;
				TARGETED_DEVICE_FAMILY = "1,2";
				VALIDATE_PRODUCT = YES;
			};
			name = Release;
		};
		B603A71816B89DC7006A5DFA /* Debug */ = {
			isa = XCBuildConfiguration;
			buildSettings = {
				GCC_PRECOMPILE_PREFIX_HEADER = YES;
				GCC_PREFIX_HEADER = "FitnessBuddy/FitnessBuddy-Prefix.pch";
				INFOPLIST_FILE = "FitnessBuddy/FitnessBuddy-Info.plist";
				PRODUCT_NAME = "$(TARGET_NAME)";
				WRAPPER_EXTENSION = app;
			};
			name = Debug;
		};
		B603A71916B89DC7006A5DFA /* Release */ = {
			isa = XCBuildConfiguration;
			buildSettings = {
				GCC_PRECOMPILE_PREFIX_HEADER = YES;
				GCC_PREFIX_HEADER = "FitnessBuddy/FitnessBuddy-Prefix.pch";
				INFOPLIST_FILE = "FitnessBuddy/FitnessBuddy-Info.plist";
				PRODUCT_NAME = "$(TARGET_NAME)";
				WRAPPER_EXTENSION = app;
			};
			name = Release;
		};
/* End XCBuildConfiguration section */

/* Begin XCConfigurationList section */
		B603A6E116B89DC7006A5DFA /* Build configuration list for PBXProject "FitnessBuddy" */ = {
			isa = XCConfigurationList;
			buildConfigurations = (
				B603A71516B89DC7006A5DFA /* Debug */,
				B603A71616B89DC7006A5DFA /* Release */,
			);
			defaultConfigurationIsVisible = 0;
			defaultConfigurationName = Release;
		};
		B603A71716B89DC7006A5DFA /* Build configuration list for PBXNativeTarget "FitnessBuddy" */ = {
			isa = XCConfigurationList;
			buildConfigurations = (
				B603A71816B89DC7006A5DFA /* Debug */,
				B603A71916B89DC7006A5DFA /* Release */,
			);
			defaultConfigurationIsVisible = 0;
			defaultConfigurationName = Release;
		};
/* End XCConfigurationList section */
	};
	rootObject = B603A6DE16B89DC7006A5DFA /* Project object */;
}
